<?xml version="1.0" encoding="utf-8"?>
<Project ToolsVersion="4.0" xmlns="http://schemas.microsoft.com/developer/msbuild/2003">
  <ItemGroup>
    <Filter Include="Source Files">
      <UniqueIdentifier>{4FC737F1-C7A5-4376-A066-2A32D752A2FF}</UniqueIdentifier>
      <Extensions>cpp;c;cc;cxx;def;odl;idl;hpj;bat;asm;asmx</Extensions>
    </Filter>
    <Filter Include="Header Files">
      <UniqueIdentifier>{93995380-89BD-4b04-88EB-625FBE52EBFB}</UniqueIdentifier>
      <Extensions>h;hh;hpp;hxx;hm;inl;inc;xsd</Extensions>
    </Filter>
    <Filter Include="Resource Files">
      <UniqueIdentifier>{67DA6AB6-F800-4c08-8B7A-83BB121AAD01}</UniqueIdentifier>
      <Extensions>rc;ico;cur;bmp;dlg;rc2;rct;bin;rgs;gif;jpg;jpeg;jpe;resx;tiff;tif;png;wav;mfcribbon-ms</Extensions>
    </Filter>
  </ItemGroup>
  <ItemGroup>
    <ClInclude Include="City.h">
      <Filter>Header Files</Filter>
    </ClInclude>
    <ClInclude Include="PlayerCard.h">
      <Filter>Header Files</Filter>
    </ClInclude>
    <ClInclude Include="Epidemic.h">
      <Filter>Header Files</Filter>
    </ClInclude>
    <ClInclude Include="Event.h">
      <Filter>Header Files</Filter>
    </ClInclude>
    <ClInclude Include="Deck.h">
      <Filter>Header Files</Filter>
    </ClInclude>
    <ClInclude Include="Player.h">
      <Filter>Header Files</Filter>
    </ClInclude>
    <ClInclude Include="reference_cards.h">
      <Filter>Header Files</Filter>
    </ClInclude>
    <ClInclude Include="roles.h">
      <Filter>Header Files</Filter>
    </ClInclude>
    <ClInclude Include="InfectionCard.h">
      <Filter>Header Files</Filter>
    </ClInclude>
    <ClInclude Include="Pawn.h">
      <Filter>Header Files</Filter>
    </ClInclude>
    <ClInclude Include="MapCity.h">
      <Filter>Header Files</Filter>
    </ClInclude>
    <ClInclude Include="GameManager.h">
      <Filter>Header Files</Filter>
    </ClInclude>
    <ClInclude Include="Serialize.h">
      <Filter>Header Files</Filter>
    </ClInclude>
    <ClInclude Include="OptionEight_Construct.h">
      <Filter>Header Files</Filter>
    </ClInclude>
    <ClInclude Include="OptionFive_Cure.h">
      <Filter>Header Files</Filter>
    </ClInclude>
    <ClInclude Include="OptionFour_FlyResearch.h">
      <Filter>Header Files</Filter>
    </ClInclude>
    <ClInclude Include="OptionOne_Move.h">
      <Filter>Header Files</Filter>
    </ClInclude>
    <ClInclude Include="OptionSeven_Remove.h">
      <Filter>Header Files</Filter>
    </ClInclude>
    <ClInclude Include="OptionSix_Trade.h">
      <Filter>Header Files</Filter>
    </ClInclude>
    <ClInclude Include="OptionThree_FlyAny.h">
      <Filter>Header Files</Filter>
    </ClInclude>
    <ClInclude Include="OptionTwo_Fly.h">
      <Filter>Header Files</Filter>
    </ClInclude>
    <ClInclude Include="Strategy.h">
      <Filter>Header Files</Filter>
    </ClInclude>
    <ClInclude Include="OptionDefault.h">
      <Filter>Header Files</Filter>
    </ClInclude>
    <ClInclude Include="OptionTen_Save.h">
      <Filter>Header Files</Filter>
    </ClInclude>
    <ClInclude Include="Subject.h">
      <Filter>Header Files</Filter>
    </ClInclude>
    <ClInclude Include="Observer.h">
      <Filter>Header Files</Filter>
    </ClInclude>
    <ClInclude Include="LogObserver.h">
      <Filter>Header Files</Filter>
    </ClInclude>
    <ClInclude Include="Log.h">
      <Filter>Header Files</Filter>
    </ClInclude>
  </ItemGroup>
  <ItemGroup>
    <ClCompile Include="main.cpp">
      <Filter>Source Files</Filter>
    </ClCompile>
    <ClCompile Include="City.cpp">
      <Filter>Source Files</Filter>
    </ClCompile>
    <ClCompile Include="PlayerCard.cpp">
      <Filter>Source Files</Filter>
    </ClCompile>
    <ClCompile Include="Epidemic.cpp">
      <Filter>Source Files</Filter>
    </ClCompile>
    <ClCompile Include="Event.cpp">
      <Filter>Source Files</Filter>
    </ClCompile>
    <ClCompile Include="Deck.cpp">
      <Filter>Source Files</Filter>
    </ClCompile>
    <ClCompile Include="Player.cpp">
      <Filter>Source Files</Filter>
    </ClCompile>
    <ClCompile Include="reference_cards.cpp">
      <Filter>Source Files</Filter>
    </ClCompile>
    <ClCompile Include="roles.cpp">
      <Filter>Source Files</Filter>
    </ClCompile>
    <ClCompile Include="InfectionCard.cpp">
      <Filter>Source Files</Filter>
    </ClCompile>
    <ClCompile Include="Pawn.cpp">
      <Filter>Source Files</Filter>
    </ClCompile>
    <ClCompile Include="MapCity.cpp">
      <Filter>Source Files</Filter>
    </ClCompile>
    <ClCompile Include="GameManager.cpp">
      <Filter>Source Files</Filter>
    </ClCompile>
    <ClCompile Include="Serialize.cpp">
      <Filter>Source Files</Filter>
    </ClCompile>
    <ClCompile Include="OptionEight_Construct.cpp">
      <Filter>Source Files</Filter>
    </ClCompile>
    <ClCompile Include="OptionFive_Cure.cpp">
      <Filter>Source Files</Filter>
    </ClCompile>
    <ClCompile Include="OptionFour_FlyResearch.cpp">
      <Filter>Source Files</Filter>
    </ClCompile>
    <ClCompile Include="OptionOne_Move.cpp">
      <Filter>Source Files</Filter>
    </ClCompile>
    <ClCompile Include="OptionSeven_Remove.cpp">
      <Filter>Source Files</Filter>
    </ClCompile>
    <ClCompile Include="OptionSix_Trade.cpp">
      <Filter>Source Files</Filter>
    </ClCompile>
    <ClCompile Include="OptionThree_FlyAny.cpp">
      <Filter>Source Files</Filter>
    </ClCompile>
    <ClCompile Include="OptionTwo_Fly.cpp">
      <Filter>Source Files</Filter>
    </ClCompile>
    <ClCompile Include="OptionDefault.cpp">
      <Filter>Source Files</Filter>
    </ClCompile>
    <ClCompile Include="OptionTen_Save.cpp">
      <Filter>Source Files</Filter>
    </ClCompile>
    <ClCompile Include="Subject.cpp">
      <Filter>Source Files</Filter>
    </ClCompile>
    <ClCompile Include="Observer.cpp">
      <Filter>Source Files</Filter>
    </ClCompile>
    <ClCompile Include="LogObserver.cpp">
      <Filter>Source Files</Filter>
    </ClCompile>
    <ClCompile Include="Log.cpp">
      <Filter>Source Files</Filter>
    </ClCompile>
  </ItemGroup>
  <ItemGroup>
    <Text Include="..\cities.txt">
      <Filter>Resource Files</Filter>
    </Text>
    <Text Include="..\PandemicMap.txt">
      <Filter>Resource Files</Filter>
    </Text>
  </ItemGroup>
</Project>